
Microsoft Visual Studio Solution File, Format Version 12.00
# Visual Studio Version 17
VisualStudioVersion = 17.14.36518.9
MinimumVisualStudioVersion = 10.0.40219.1
Project("{FAE04EC0-301F-11D3-BF4B-00C04F79EFBC}") = "PrintWizard", "PrintWizard\PrintWizard.csproj", "{6ED5C95B-09E4-528D-182A-CF306576CE5B}"
EndProject
Global
	GlobalSection(SolutionConfigurationPlatforms) = preSolution
		Debug|Any CPU = Debug|Any CPU
		Release|Any CPU = Release|Any CPU
	EndGlobalSection
	GlobalSection(ProjectConfigurationPlatforms) = postSolution
		{6ED5C95B-09E4-528D-182A-CF306576CE5B}.Debug|Any CPU.ActiveCfg = Debug|Any CPU
		{6ED5C95B-09E4-528D-182A-CF306576CE5B}.Debug|Any CPU.Build.0 = Debug|Any CPU
		{6ED5C95B-09E4-528D-182A-CF306576CE5B}.Release|Any CPU.ActiveCfg = Release|Any CPU
		{6ED5C95B-09E4-528D-182A-CF306576CE5B}.Release|Any CPU.Build.0 = Release|Any CPU
	EndGlobalSection
	GlobalSection(SolutionProperties) = preSolution
		HideSolutionNode = FALSE
	EndGlobalSection
	GlobalSection(ExtensibilityGlobals) = postSolution
		SolutionGuid = {13E0D54E-23C2-4290-B4B0-98BB4BE239F2}
	EndGlobalSection
EndGlobal
